Microsoft Visual Studio Solution File, Format Version 11.00
# Visual Studio 2010
Project("{8BC9CEB8-8B4A-11D0-8D11-00A0C91BC942}") = "ALL_BUILD", "ALL_BUILD.vcxproj", "{E9AEB468-7444-4D56-A8D8-34A4E4C1A9D8}"
	ProjectSection(ProjectDependencies) = postProject
		{3F2C048E-96A0-4B17-A80B-0B26645C35D9} = {3F2C048E-96A0-4B17-A80B-0B26645C35D9}
		{FB0A5AFC-91BB-4E74-8BE6-0FDB6BAC5ACE} = {FB0A5AFC-91BB-4E74-8BE6-0FDB6BAC5ACE}
		{93F6DDFC-42BE-4537-8DF9-DD9E8D3376F6} = {93F6DDFC-42BE-4537-8DF9-DD9E8D3376F6}
		{F476483B-140F-4838-8C10-E4C080C1FA1C} = {F476483B-140F-4838-8C10-E4C080C1FA1C}
		{50C502D1-AC72-4DA8-B83C-1020ABCFAE16} = {50C502D1-AC72-4DA8-B83C-1020ABCFAE16}
		{28219AFA-C1E9-4C06-AB45-8791E231E9E7} = {28219AFA-C1E9-4C06-AB45-8791E231E9E7}
		{42CD86B6-1C30-4C0A-AF48-CE4333EAABA2} = {42CD86B6-1C30-4C0A-AF48-CE4333EAABA2}
		{523708BA-8CDA-4410-A868-64543B499BD4} = {523708BA-8CDA-4410-A868-64543B499BD4}
		{6F6D0C7D-CD30-4C2E-BEF9-A821EF20C486} = {6F6D0C7D-CD30-4C2E-BEF9-A821EF20C486}
		{8B608510-36BE-4CD5-AEE1-CFB15EB4C902} = {8B608510-36BE-4CD5-AEE1-CFB15EB4C902}
		{9985C2EC-A993-4404-A2A1-40DD239C89D2} = {9985C2EC-A993-4404-A2A1-40DD239C89D2}
		{93031F68-408E-44CF-B498-BCB6E47877BE} = {93031F68-408E-44CF-B498-BCB6E47877BE}
		{B57B7438-A727-4CAA-B2E4-6679764DD7CD} = {B57B7438-A727-4CAA-B2E4-6679764DD7CD}
		{66F02DE6-0A00-4FA5-B23B-8AC7C744CC76} = {66F02DE6-0A00-4FA5-B23B-8AC7C744CC76}
		{DEFB3813-821A-4313-92D3-C326E415E80D} = {DEFB3813-821A-4313-92D3-C326E415E80D}
		{6FCE323D-D5E4-44A5-8AEB-999E681C27D5} = {6FCE323D-D5E4-44A5-8AEB-999E681C27D5}
		{9D6BBDA8-40C2-4455-A4A1-1BBCBBA3D0C7} = {9D6BBDA8-40C2-4455-A4A1-1BBCBBA3D0C7}
		{F4F6C2BA-91C0-4BB2-991C-79F2935D676A} = {F4F6C2BA-91C0-4BB2-991C-79F2935D676A}
		{8711219E-D151-43EA-A74E-F66AEEEDFF2A} = {8711219E-D151-43EA-A74E-F66AEEEDFF2A}
		{3EEDCD62-6385-4083-B3FE-BB541084D09A} = {3EEDCD62-6385-4083-B3FE-BB541084D09A}
		{C576F1EE-D508-4DD3-ADF9-615538CAB9F5} = {C576F1EE-D508-4DD3-ADF9-615538CAB9F5}
		{0D6EB362-904E-45DC-9578-CBA01C5B6FC5} = {0D6EB362-904E-45DC-9578-CBA01C5B6FC5}
		{9710B001-A027-4E8A-959B-DCC58663A5A4} = {9710B001-A027-4E8A-959B-DCC58663A5A4}
		{683C15AA-89FD-4B15-8C96-F9165AAB0985} = {683C15AA-89FD-4B15-8C96-F9165AAB0985}
		{5F645148-710E-4E7F-9C0E-5C26262836AE} = {5F645148-710E-4E7F-9C0E-5C26262836AE}
		{40C00C77-760B-436E-8AF4-70025B030BC9} = {40C00C77-760B-436E-8AF4-70025B030BC9}
		{74E0E212-54F3-4B0B-B11C-D8AF2206420A} = {74E0E212-54F3-4B0B-B11C-D8AF2206420A}
		{6E5F8A9C-DED2-4A37-9951-1C5DF172E86F} = {6E5F8A9C-DED2-4A37-9951-1C5DF172E86F}
		{E2CE5717-38F6-4EAA-970A-D1A7B01537B4} = {E2CE5717-38F6-4EAA-970A-D1A7B01537B4}
		{16759201-DFEF-4D26-A091-DD7D0EBB08A8} = {16759201-DFEF-4D26-A091-DD7D0EBB08A8}
		{1A6BFB9C-BF76-4360-A180-C58CB5730CD6} = {1A6BFB9C-BF76-4360-A180-C58CB5730CD6}
		{DCB9AB84-3390-4FF6-90E0-41D809D963B1} = {DCB9AB84-3390-4FF6-90E0-41D809D963B1}
		{489BDE42-91BF-4702-9A30-D17CCB552735} = {489BDE42-91BF-4702-9A30-D17CCB552735}
		{CDC274F4-780B-4A91-8042-EFDFD20FC240} = {CDC274F4-780B-4A91-8042-EFDFD20FC240}
		{0B9181F1-4725-4D06-97F4-9044A50D1DFF} = {0B9181F1-4725-4D06-97F4-9044A50D1DFF}
		{88624E0B-57B0-47CE-BAFF-6788A0967560} = {88624E0B-57B0-47CE-BAFF-6788A0967560}
		{5A8AC9D4-D99B-4717-880D-60948F190BAE} = {5A8AC9D4-D99B-4717-880D-60948F190BAE}
		{19574168-1480-41A3-B787-BE8EEDDE7917} = {19574168-1480-41A3-B787-BE8EEDDE7917}
		{B921A78D-7B36-411E-87B0-5B79252F0F78} = {B921A78D-7B36-411E-87B0-5B79252F0F78}
		{748F8B20-ECB3-4975-9134-0D697A6DC5A6} = {748F8B20-ECB3-4975-9134-0D697A6DC5A6}
		{CA46EAA8-A85D-4496-9752-C52F50EC9BB9} = {CA46EAA8-A85D-4496-9752-C52F50EC9BB9}
		{2D30C09E-9375-41FA-9E05-17143CA8C167} = {2D30C09E-9375-41FA-9E05-17143CA8C167}
		{C141F315-F76D-47FF-896C-86900228E357} = {C141F315-F76D-47FF-896C-86900228E357}
		{280644C2-B4AB-49B9-921C-A4FDE2BF7E5B} = {280644C2-B4AB-49B9-921C-A4FDE2BF7E5B}
		{85699C0F-6C14-41AC-A79F-6D203066EAA3} = {85699C0F-6C14-41AC-A79F-6D203066EAA3}
	EndProjectSection
EndProject
Project("{8BC9CEB8-8B4A-11D0-8D11-00A0C91BC942}") = "SampleBrowser", "Samples\Browser\SampleBrowser.vcxproj", "{3F2C048E-96A0-4B17-A80B-0B26645C35D9}"
	ProjectSection(ProjectDependencies) = postProject
		{FB0A5AFC-91BB-4E74-8BE6-0FDB6BAC5ACE} = {FB0A5AFC-91BB-4E74-8BE6-0FDB6BAC5ACE}
		{93F6DDFC-42BE-4537-8DF9-DD9E8D3376F6} = {93F6DDFC-42BE-4537-8DF9-DD9E8D3376F6}
		{F476483B-140F-4838-8C10-E4C080C1FA1C} = {F476483B-140F-4838-8C10-E4C080C1FA1C}
		{50C502D1-AC72-4DA8-B83C-1020ABCFAE16} = {50C502D1-AC72-4DA8-B83C-1020ABCFAE16}
		{28219AFA-C1E9-4C06-AB45-8791E231E9E7} = {28219AFA-C1E9-4C06-AB45-8791E231E9E7}
		{42CD86B6-1C30-4C0A-AF48-CE4333EAABA2} = {42CD86B6-1C30-4C0A-AF48-CE4333EAABA2}
		{523708BA-8CDA-4410-A868-64543B499BD4} = {523708BA-8CDA-4410-A868-64543B499BD4}
		{6F6D0C7D-CD30-4C2E-BEF9-A821EF20C486} = {6F6D0C7D-CD30-4C2E-BEF9-A821EF20C486}
		{8B608510-36BE-4CD5-AEE1-CFB15EB4C902} = {8B608510-36BE-4CD5-AEE1-CFB15EB4C902}
		{9985C2EC-A993-4404-A2A1-40DD239C89D2} = {9985C2EC-A993-4404-A2A1-40DD239C89D2}
		{93031F68-408E-44CF-B498-BCB6E47877BE} = {93031F68-408E-44CF-B498-BCB6E47877BE}
		{B57B7438-A727-4CAA-B2E4-6679764DD7CD} = {B57B7438-A727-4CAA-B2E4-6679764DD7CD}
		{66F02DE6-0A00-4FA5-B23B-8AC7C744CC76} = {66F02DE6-0A00-4FA5-B23B-8AC7C744CC76}
		{DEFB3813-821A-4313-92D3-C326E415E80D} = {DEFB3813-821A-4313-92D3-C326E415E80D}
		{6FCE323D-D5E4-44A5-8AEB-999E681C27D5} = {6FCE323D-D5E4-44A5-8AEB-999E681C27D5}
		{9D6BBDA8-40C2-4455-A4A1-1BBCBBA3D0C7} = {9D6BBDA8-40C2-4455-A4A1-1BBCBBA3D0C7}
		{F4F6C2BA-91C0-4BB2-991C-79F2935D676A} = {F4F6C2BA-91C0-4BB2-991C-79F2935D676A}
		{8711219E-D151-43EA-A74E-F66AEEEDFF2A} = {8711219E-D151-43EA-A74E-F66AEEEDFF2A}
		{3EEDCD62-6385-4083-B3FE-BB541084D09A} = {3EEDCD62-6385-4083-B3FE-BB541084D09A}
		{C576F1EE-D508-4DD3-ADF9-615538CAB9F5} = {C576F1EE-D508-4DD3-ADF9-615538CAB9F5}
		{0D6EB362-904E-45DC-9578-CBA01C5B6FC5} = {0D6EB362-904E-45DC-9578-CBA01C5B6FC5}
		{9710B001-A027-4E8A-959B-DCC58663A5A4} = {9710B001-A027-4E8A-959B-DCC58663A5A4}
		{683C15AA-89FD-4B15-8C96-F9165AAB0985} = {683C15AA-89FD-4B15-8C96-F9165AAB0985}
		{5F645148-710E-4E7F-9C0E-5C26262836AE} = {5F645148-710E-4E7F-9C0E-5C26262836AE}
		{40C00C77-760B-436E-8AF4-70025B030BC9} = {40C00C77-760B-436E-8AF4-70025B030BC9}
		{74E0E212-54F3-4B0B-B11C-D8AF2206420A} = {74E0E212-54F3-4B0B-B11C-D8AF2206420A}
		{6E5F8A9C-DED2-4A37-9951-1C5DF172E86F} = {6E5F8A9C-DED2-4A37-9951-1C5DF172E86F}
		{E2CE5717-38F6-4EAA-970A-D1A7B01537B4} = {E2CE5717-38F6-4EAA-970A-D1A7B01537B4}
		{16759201-DFEF-4D26-A091-DD7D0EBB08A8} = {16759201-DFEF-4D26-A091-DD7D0EBB08A8}
		{1A6BFB9C-BF76-4360-A180-C58CB5730CD6} = {1A6BFB9C-BF76-4360-A180-C58CB5730CD6}
		{DCB9AB84-3390-4FF6-90E0-41D809D963B1} = {DCB9AB84-3390-4FF6-90E0-41D809D963B1}
		{489BDE42-91BF-4702-9A30-D17CCB552735} = {489BDE42-91BF-4702-9A30-D17CCB552735}
		{CDC274F4-780B-4A91-8042-EFDFD20FC240} = {CDC274F4-780B-4A91-8042-EFDFD20FC240}
		{0B9181F1-4725-4D06-97F4-9044A50D1DFF} = {0B9181F1-4725-4D06-97F4-9044A50D1DFF}
		{88624E0B-57B0-47CE-BAFF-6788A0967560} = {88624E0B-57B0-47CE-BAFF-6788A0967560}
		{5A8AC9D4-D99B-4717-880D-60948F190BAE} = {5A8AC9D4-D99B-4717-880D-60948F190BAE}
		{19574168-1480-41A3-B787-BE8EEDDE7917} = {19574168-1480-41A3-B787-BE8EEDDE7917}
		{B921A78D-7B36-411E-87B0-5B79252F0F78} = {B921A78D-7B36-411E-87B0-5B79252F0F78}
		{748F8B20-ECB3-4975-9134-0D697A6DC5A6} = {748F8B20-ECB3-4975-9134-0D697A6DC5A6}
		{CA46EAA8-A85D-4496-9752-C52F50EC9BB9} = {CA46EAA8-A85D-4496-9752-C52F50EC9BB9}
		{2D30C09E-9375-41FA-9E05-17143CA8C167} = {2D30C09E-9375-41FA-9E05-17143CA8C167}
		{C141F315-F76D-47FF-896C-86900228E357} = {C141F315-F76D-47FF-896C-86900228E357}
		{280644C2-B4AB-49B9-921C-A4FDE2BF7E5B} = {280644C2-B4AB-49B9-921C-A4FDE2BF7E5B}
		{85699C0F-6C14-41AC-A79F-6D203066EAA3} = {85699C0F-6C14-41AC-A79F-6D203066EAA3}
	EndProjectSection
EndProject
Project("{8BC9CEB8-8B4A-11D0-8D11-00A0C91BC942}") = "Sample_BSP", "Samples\BSP\Sample_BSP.vcxproj", "{FB0A5AFC-91BB-4E74-8BE6-0FDB6BAC5ACE}"
	ProjectSection(ProjectDependencies) = postProject
	EndProjectSection
EndProject
Project("{8BC9CEB8-8B4A-11D0-8D11-00A0C91BC942}") = "Sample_BezierPatch", "Samples\BezierPatch\Sample_BezierPatch.vcxproj", "{93F6DDFC-42BE-4537-8DF9-DD9E8D3376F6}"
	ProjectSection(ProjectDependencies) = postProject
	EndProjectSection
EndProject
Project("{8BC9CEB8-8B4A-11D0-8D11-00A0C91BC942}") = "Sample_CameraTrack", "Samples\CameraTrack\Sample_CameraTrack.vcxproj", "{F476483B-140F-4838-8C10-E4C080C1FA1C}"
	ProjectSection(ProjectDependencies) = postProject
	EndProjectSection
EndProject
Project("{8BC9CEB8-8B4A-11D0-8D11-00A0C91BC942}") = "Sample_CelShading", "Samples\CelShading\Sample_CelShading.vcxproj", "{50C502D1-AC72-4DA8-B83C-1020ABCFAE16}"
	ProjectSection(ProjectDependencies) = postProject
	EndProjectSection
EndProject
Project("{8BC9CEB8-8B4A-11D0-8D11-00A0C91BC942}") = "Sample_Character", "Samples\Character\Sample_Character.vcxproj", "{28219AFA-C1E9-4C06-AB45-8791E231E9E7}"
	ProjectSection(ProjectDependencies) = postProject
	EndProjectSection
EndProject
Project("{8BC9CEB8-8B4A-11D0-8D11-00A0C91BC942}") = "Sample_Compositor", "Samples\Compositor\Sample_Compositor.vcxproj", "{42CD86B6-1C30-4C0A-AF48-CE4333EAABA2}"
	ProjectSection(ProjectDependencies) = postProject
	EndProjectSection
EndProject
Project("{8BC9CEB8-8B4A-11D0-8D11-00A0C91BC942}") = "Sample_CubeMapping", "Samples\CubeMapping\Sample_CubeMapping.vcxproj", "{523708BA-8CDA-4410-A868-64543B499BD4}"
	ProjectSection(ProjectDependencies) = postProject
	EndProjectSection
EndProject
Project("{8BC9CEB8-8B4A-11D0-8D11-00A0C91BC942}") = "Sample_DeferredShading", "Samples\DeferredShading\Sample_DeferredShading.vcxproj", "{6F6D0C7D-CD30-4C2E-BEF9-A821EF20C486}"
	ProjectSection(ProjectDependencies) = postProject
	EndProjectSection
EndProject
Project("{8BC9CEB8-8B4A-11D0-8D11-00A0C91BC942}") = "Sample_Dot3Bump", "Samples\Dot3Bump\Sample_Dot3Bump.vcxproj", "{8B608510-36BE-4CD5-AEE1-CFB15EB4C902}"
	ProjectSection(ProjectDependencies) = postProject
	EndProjectSection
EndProject
Project("{8BC9CEB8-8B4A-11D0-8D11-00A0C91BC942}") = "Sample_DualQuaternion", "Samples\DualQuaternion\Sample_DualQuaternion.vcxproj", "{9985C2EC-A993-4404-A2A1-40DD239C89D2}"
	ProjectSection(ProjectDependencies) = postProject
	EndProjectSection
EndProject
Project("{8BC9CEB8-8B4A-11D0-8D11-00A0C91BC942}") = "Sample_DynTex", "Samples\DynTex\Sample_DynTex.vcxproj", "{93031F68-408E-44CF-B498-BCB6E47877BE}"
	ProjectSection(ProjectDependencies) = postProject
	EndProjectSection
EndProject
Project("{8BC9CEB8-8B4A-11D0-8D11-00A0C91BC942}") = "Sample_EndlessWorld", "Samples\EndlessWorld\Sample_EndlessWorld.vcxproj", "{B57B7438-A727-4CAA-B2E4-6679764DD7CD}"
	ProjectSection(ProjectDependencies) = postProject
	EndProjectSection
EndProject
Project("{8BC9CEB8-8B4A-11D0-8D11-00A0C91BC942}") = "Sample_FacialAnimation", "Samples\FacialAnimation\Sample_FacialAnimation.vcxproj", "{66F02DE6-0A00-4FA5-B23B-8AC7C744CC76}"
	ProjectSection(ProjectDependencies) = postProject
	EndProjectSection
EndProject
Project("{8BC9CEB8-8B4A-11D0-8D11-00A0C91BC942}") = "Sample_Fresnel", "Samples\Fresnel\Sample_Fresnel.vcxproj", "{DEFB3813-821A-4313-92D3-C326E415E80D}"
	ProjectSection(ProjectDependencies) = postProject
	EndProjectSection
EndProject
Project("{8BC9CEB8-8B4A-11D0-8D11-00A0C91BC942}") = "Sample_Grass", "Samples\Grass\Sample_Grass.vcxproj", "{6FCE323D-D5E4-44A5-8AEB-999E681C27D5}"
	ProjectSection(ProjectDependencies) = postProject
	EndProjectSection
EndProject
Project("{8BC9CEB8-8B4A-11D0-8D11-00A0C91BC942}") = "Sample_Instancing", "Samples\Instancing\Sample_Instancing.vcxproj", "{9D6BBDA8-40C2-4455-A4A1-1BBCBBA3D0C7}"
	ProjectSection(ProjectDependencies) = postProject
	EndProjectSection
EndProject
Project("{8BC9CEB8-8B4A-11D0-8D11-00A0C91BC942}") = "Sample_Isosurf", "Samples\Isosurf\Sample_Isosurf.vcxproj", "{F4F6C2BA-91C0-4BB2-991C-79F2935D676A}"
	ProjectSection(ProjectDependencies) = postProject
	EndProjectSection
EndProject
Project("{8BC9CEB8-8B4A-11D0-8D11-00A0C91BC942}") = "Sample_Lighting", "Samples\Lighting\Sample_Lighting.vcxproj", "{8711219E-D151-43EA-A74E-F66AEEEDFF2A}"
	ProjectSection(ProjectDependencies) = postProject
	EndProjectSection
EndProject
Project("{8BC9CEB8-8B4A-11D0-8D11-00A0C91BC942}") = "Sample_MeshLod", "Samples\MeshLod\Sample_MeshLod.vcxproj", "{3EEDCD62-6385-4083-B3FE-BB541084D09A}"
	ProjectSection(ProjectDependencies) = postProject
	EndProjectSection
EndProject
Project("{8BC9CEB8-8B4A-11D0-8D11-00A0C91BC942}") = "Sample_NewInstancing", "Samples\NewInstancing\Sample_NewInstancing.vcxproj", "{C576F1EE-D508-4DD3-ADF9-615538CAB9F5}"
	ProjectSection(ProjectDependencies) = postProject
	EndProjectSection
EndProject
Project("{8BC9CEB8-8B4A-11D0-8D11-00A0C91BC942}") = "Sample_Ocean", "Samples\OceanDemo\Sample_Ocean.vcxproj", "{0D6EB362-904E-45DC-9578-CBA01C5B6FC5}"
	ProjectSection(ProjectDependencies) = postProject
	EndProjectSection
EndProject
Project("{8BC9CEB8-8B4A-11D0-8D11-00A0C91BC942}") = "Sample_PNTriangles", "Samples\PNTrianglesTessellation\Sample_PNTriangles.vcxproj", "{9710B001-A027-4E8A-959B-DCC58663A5A4}"
	ProjectSection(ProjectDependencies) = postProject
	EndProjectSection
EndProject
Project("{8BC9CEB8-8B4A-11D0-8D11-00A0C91BC942}") = "Sample_ParticleFX", "Samples\ParticleFX\Sample_ParticleFX.vcxproj", "{683C15AA-89FD-4B15-8C96-F9165AAB0985}"
	ProjectSection(ProjectDependencies) = postProject
	EndProjectSection
EndProject
Project("{8BC9CEB8-8B4A-11D0-8D11-00A0C91BC942}") = "Sample_ParticleGS", "Samples\ParticleGS\Sample_ParticleGS.vcxproj", "{5F645148-710E-4E7F-9C0E-5C26262836AE}"
	ProjectSection(ProjectDependencies) = postProject
	EndProjectSection
EndProject
Project("{8BC9CEB8-8B4A-11D0-8D11-00A0C91BC942}") = "Sample_SSAO", "Samples\SSAO\Sample_SSAO.vcxproj", "{40C00C77-760B-436E-8AF4-70025B030BC9}"
	ProjectSection(ProjectDependencies) = postProject
	EndProjectSection
EndProject
Project("{8BC9CEB8-8B4A-11D0-8D11-00A0C91BC942}") = "Sample_ShaderSystem", "Samples\ShaderSystem\Sample_ShaderSystem.vcxproj", "{74E0E212-54F3-4B0B-B11C-D8AF2206420A}"
	ProjectSection(ProjectDependencies) = postProject
	EndProjectSection
EndProject
Project("{8BC9CEB8-8B4A-11D0-8D11-00A0C91BC942}") = "Sample_ShaderSystemMultiLight", "Samples\ShaderSystemMultiLight\Sample_ShaderSystemMultiLight.vcxproj", "{6E5F8A9C-DED2-4A37-9951-1C5DF172E86F}"
	ProjectSection(ProjectDependencies) = postProject
	EndProjectSection
EndProject
Project("{8BC9CEB8-8B4A-11D0-8D11-00A0C91BC942}") = "Sample_ShaderSystemTexturedFog", "Samples\ShaderSystemTexturedFog\Sample_ShaderSystemTexturedFog.vcxproj", "{E2CE5717-38F6-4EAA-970A-D1A7B01537B4}"
	ProjectSection(ProjectDependencies) = postProject
	EndProjectSection
EndProject
Project("{8BC9CEB8-8B4A-11D0-8D11-00A0C91BC942}") = "Sample_Shadows", "Samples\Shadows\Sample_Shadows.vcxproj", "{16759201-DFEF-4D26-A091-DD7D0EBB08A8}"
	ProjectSection(ProjectDependencies) = postProject
	EndProjectSection
EndProject
Project("{8BC9CEB8-8B4A-11D0-8D11-00A0C91BC942}") = "Sample_SkeletalAnimation", "Samples\SkeletalAnimation\Sample_SkeletalAnimation.vcxproj", "{1A6BFB9C-BF76-4360-A180-C58CB5730CD6}"
	ProjectSection(ProjectDependencies) = postProject
	EndProjectSection
EndProject
Project("{8BC9CEB8-8B4A-11D0-8D11-00A0C91BC942}") = "Sample_SkyBox", "Samples\SkyBox\Sample_SkyBox.vcxproj", "{DCB9AB84-3390-4FF6-90E0-41D809D963B1}"
	ProjectSection(ProjectDependencies) = postProject
	EndProjectSection
EndProject
Project("{8BC9CEB8-8B4A-11D0-8D11-00A0C91BC942}") = "Sample_SkyDome", "Samples\SkyDome\Sample_SkyDome.vcxproj", "{489BDE42-91BF-4702-9A30-D17CCB552735}"
	ProjectSection(ProjectDependencies) = postProject
	EndProjectSection
EndProject
Project("{8BC9CEB8-8B4A-11D0-8D11-00A0C91BC942}") = "Sample_SkyPlane", "Samples\SkyPlane\Sample_SkyPlane.vcxproj", "{CDC274F4-780B-4A91-8042-EFDFD20FC240}"
	ProjectSection(ProjectDependencies) = postProject
	EndProjectSection
EndProject
Project("{8BC9CEB8-8B4A-11D0-8D11-00A0C91BC942}") = "Sample_Smoke", "Samples\Smoke\Sample_Smoke.vcxproj", "{0B9181F1-4725-4D06-97F4-9044A50D1DFF}"
	ProjectSection(ProjectDependencies) = postProject
	EndProjectSection
EndProject
Project("{8BC9CEB8-8B4A-11D0-8D11-00A0C91BC942}") = "Sample_SphereMapping", "Samples\SphereMapping\Sample_SphereMapping.vcxproj", "{88624E0B-57B0-47CE-BAFF-6788A0967560}"
	ProjectSection(ProjectDependencies) = postProject
	EndProjectSection
EndProject
Project("{8BC9CEB8-8B4A-11D0-8D11-00A0C91BC942}") = "Sample_Terrain", "Samples\Terrain\Sample_Terrain.vcxproj", "{5A8AC9D4-D99B-4717-880D-60948F190BAE}"
	ProjectSection(ProjectDependencies) = postProject
	EndProjectSection
EndProject
Project("{8BC9CEB8-8B4A-11D0-8D11-00A0C91BC942}") = "Sample_Tesselation", "Samples\Tesselation\Sample_Tesselation.vcxproj", "{19574168-1480-41A3-B787-BE8EEDDE7917}"
	ProjectSection(ProjectDependencies) = postProject
	EndProjectSection
EndProject
Project("{8BC9CEB8-8B4A-11D0-8D11-00A0C91BC942}") = "Sample_TextureArray", "Samples\TextureArray\Sample_TextureArray.vcxproj", "{B921A78D-7B36-411E-87B0-5B79252F0F78}"
	ProjectSection(ProjectDependencies) = postProject
	EndProjectSection
EndProject
Project("{8BC9CEB8-8B4A-11D0-8D11-00A0C91BC942}") = "Sample_TextureFX", "Samples\TextureFX\Sample_TextureFX.vcxproj", "{748F8B20-ECB3-4975-9134-0D697A6DC5A6}"
	ProjectSection(ProjectDependencies) = postProject
	EndProjectSection
EndProject
Project("{8BC9CEB8-8B4A-11D0-8D11-00A0C91BC942}") = "Sample_Transparency", "Samples\Transparency\Sample_Transparency.vcxproj", "{CA46EAA8-A85D-4496-9752-C52F50EC9BB9}"
	ProjectSection(ProjectDependencies) = postProject
	EndProjectSection
EndProject
Project("{8BC9CEB8-8B4A-11D0-8D11-00A0C91BC942}") = "Sample_VolumeCSG", "Samples\VolumeCSG\Sample_VolumeCSG.vcxproj", "{2D30C09E-9375-41FA-9E05-17143CA8C167}"
	ProjectSection(ProjectDependencies) = postProject
	EndProjectSection
EndProject
Project("{8BC9CEB8-8B4A-11D0-8D11-00A0C91BC942}") = "Sample_VolumeTerrain", "Samples\VolumeTerrain\Sample_VolumeTerrain.vcxproj", "{C141F315-F76D-47FF-896C-86900228E357}"
	ProjectSection(ProjectDependencies) = postProject
	EndProjectSection
EndProject
Project("{8BC9CEB8-8B4A-11D0-8D11-00A0C91BC942}") = "Sample_VolumeTex", "Samples\VolumeTex\Sample_VolumeTex.vcxproj", "{280644C2-B4AB-49B9-921C-A4FDE2BF7E5B}"
	ProjectSection(ProjectDependencies) = postProject
	EndProjectSection
EndProject
Project("{8BC9CEB8-8B4A-11D0-8D11-00A0C91BC942}") = "Sample_Water", "Samples\Water\Sample_Water.vcxproj", "{85699C0F-6C14-41AC-A79F-6D203066EAA3}"
	ProjectSection(ProjectDependencies) = postProject
	EndProjectSection
EndProject
Global
	GlobalSection(SolutionConfigurationPlatforms) = preSolution
		Debug|Win32 = Debug|Win32
		Release|Win32 = Release|Win32
	EndGlobalSection
	GlobalSection(ProjectConfigurationPlatforms) = postSolution
		{E9AEB468-7444-4D56-A8D8-34A4E4C1A9D8}.Debug|Win32.ActiveCfg = Debug|Win32
		{E9AEB468-7444-4D56-A8D8-34A4E4C1A9D8}.Release|Win32.ActiveCfg = Release|Win32
		{3F2C048E-96A0-4B17-A80B-0B26645C35D9}.Debug|Win32.ActiveCfg = Debug|Win32
		{3F2C048E-96A0-4B17-A80B-0B26645C35D9}.Debug|Win32.Build.0 = Debug|Win32
		{3F2C048E-96A0-4B17-A80B-0B26645C35D9}.Release|Win32.ActiveCfg = Release|Win32
		{3F2C048E-96A0-4B17-A80B-0B26645C35D9}.Release|Win32.Build.0 = Release|Win32
		{FB0A5AFC-91BB-4E74-8BE6-0FDB6BAC5ACE}.Debug|Win32.ActiveCfg = Debug|Win32
		{FB0A5AFC-91BB-4E74-8BE6-0FDB6BAC5ACE}.Debug|Win32.Build.0 = Debug|Win32
		{FB0A5AFC-91BB-4E74-8BE6-0FDB6BAC5ACE}.Release|Win32.ActiveCfg = Release|Win32
		{FB0A5AFC-91BB-4E74-8BE6-0FDB6BAC5ACE}.Release|Win32.Build.0 = Release|Win32
		{93F6DDFC-42BE-4537-8DF9-DD9E8D3376F6}.Debug|Win32.ActiveCfg = Debug|Win32
		{93F6DDFC-42BE-4537-8DF9-DD9E8D3376F6}.Debug|Win32.Build.0 = Debug|Win32
		{93F6DDFC-42BE-4537-8DF9-DD9E8D3376F6}.Release|Win32.ActiveCfg = Release|Win32
		{93F6DDFC-42BE-4537-8DF9-DD9E8D3376F6}.Release|Win32.Build.0 = Release|Win32
		{F476483B-140F-4838-8C10-E4C080C1FA1C}.Debug|Win32.ActiveCfg = Debug|Win32
		{F476483B-140F-4838-8C10-E4C080C1FA1C}.Debug|Win32.Build.0 = Debug|Win32
		{F476483B-140F-4838-8C10-E4C080C1FA1C}.Release|Win32.ActiveCfg = Release|Win32
		{F476483B-140F-4838-8C10-E4C080C1FA1C}.Release|Win32.Build.0 = Release|Win32
		{50C502D1-AC72-4DA8-B83C-1020ABCFAE16}.Debug|Win32.ActiveCfg = Debug|Win32
		{50C502D1-AC72-4DA8-B83C-1020ABCFAE16}.Debug|Win32.Build.0 = Debug|Win32
		{50C502D1-AC72-4DA8-B83C-1020ABCFAE16}.Release|Win32.ActiveCfg = Release|Win32
		{50C502D1-AC72-4DA8-B83C-1020ABCFAE16}.Release|Win32.Build.0 = Release|Win32
		{28219AFA-C1E9-4C06-AB45-8791E231E9E7}.Debug|Win32.ActiveCfg = Debug|Win32
		{28219AFA-C1E9-4C06-AB45-8791E231E9E7}.Debug|Win32.Build.0 = Debug|Win32
		{28219AFA-C1E9-4C06-AB45-8791E231E9E7}.Release|Win32.ActiveCfg = Release|Win32
		{28219AFA-C1E9-4C06-AB45-8791E231E9E7}.Release|Win32.Build.0 = Release|Win32
		{42CD86B6-1C30-4C0A-AF48-CE4333EAABA2}.Debug|Win32.ActiveCfg = Debug|Win32
		{42CD86B6-1C30-4C0A-AF48-CE4333EAABA2}.Debug|Win32.Build.0 = Debug|Win32
		{42CD86B6-1C30-4C0A-AF48-CE4333EAABA2}.Release|Win32.ActiveCfg = Release|Win32
		{42CD86B6-1C30-4C0A-AF48-CE4333EAABA2}.Release|Win32.Build.0 = Release|Win32
		{523708BA-8CDA-4410-A868-64543B499BD4}.Debug|Win32.ActiveCfg = Debug|Win32
		{523708BA-8CDA-4410-A868-64543B499BD4}.Debug|Win32.Build.0 = Debug|Win32
		{523708BA-8CDA-4410-A868-64543B499BD4}.Release|Win32.ActiveCfg = Release|Win32
		{523708BA-8CDA-4410-A868-64543B499BD4}.Release|Win32.Build.0 = Release|Win32
		{6F6D0C7D-CD30-4C2E-BEF9-A821EF20C486}.Debug|Win32.ActiveCfg = Debug|Win32
		{6F6D0C7D-CD30-4C2E-BEF9-A821EF20C486}.Debug|Win32.Build.0 = Debug|Win32
		{6F6D0C7D-CD30-4C2E-BEF9-A821EF20C486}.Release|Win32.ActiveCfg = Release|Win32
		{6F6D0C7D-CD30-4C2E-BEF9-A821EF20C486}.Release|Win32.Build.0 = Release|Win32
		{8B608510-36BE-4CD5-AEE1-CFB15EB4C902}.Debug|Win32.ActiveCfg = Debug|Win32
		{8B608510-36BE-4CD5-AEE1-CFB15EB4C902}.Debug|Win32.Build.0 = Debug|Win32
		{8B608510-36BE-4CD5-AEE1-CFB15EB4C902}.Release|Win32.ActiveCfg = Release|Win32
		{8B608510-36BE-4CD5-AEE1-CFB15EB4C902}.Release|Win32.Build.0 = Release|Win32
		{9985C2EC-A993-4404-A2A1-40DD239C89D2}.Debug|Win32.ActiveCfg = Debug|Win32
		{9985C2EC-A993-4404-A2A1-40DD239C89D2}.Debug|Win32.Build.0 = Debug|Win32
		{9985C2EC-A993-4404-A2A1-40DD239C89D2}.Release|Win32.ActiveCfg = Release|Win32
		{9985C2EC-A993-4404-A2A1-40DD239C89D2}.Release|Win32.Build.0 = Release|Win32
		{93031F68-408E-44CF-B498-BCB6E47877BE}.Debug|Win32.ActiveCfg = Debug|Win32
		{93031F68-408E-44CF-B498-BCB6E47877BE}.Debug|Win32.Build.0 = Debug|Win32
		{93031F68-408E-44CF-B498-BCB6E47877BE}.Release|Win32.ActiveCfg = Release|Win32
		{93031F68-408E-44CF-B498-BCB6E47877BE}.Release|Win32.Build.0 = Release|Win32
		{B57B7438-A727-4CAA-B2E4-6679764DD7CD}.Debug|Win32.ActiveCfg = Debug|Win32
		{B57B7438-A727-4CAA-B2E4-6679764DD7CD}.Debug|Win32.Build.0 = Debug|Win32
		{B57B7438-A727-4CAA-B2E4-6679764DD7CD}.Release|Win32.ActiveCfg = Release|Win32
		{B57B7438-A727-4CAA-B2E4-6679764DD7CD}.Release|Win32.Build.0 = Release|Win32
		{66F02DE6-0A00-4FA5-B23B-8AC7C744CC76}.Debug|Win32.ActiveCfg = Debug|Win32
		{66F02DE6-0A00-4FA5-B23B-8AC7C744CC76}.Debug|Win32.Build.0 = Debug|Win32
		{66F02DE6-0A00-4FA5-B23B-8AC7C744CC76}.Release|Win32.ActiveCfg = Release|Win32
		{66F02DE6-0A00-4FA5-B23B-8AC7C744CC76}.Release|Win32.Build.0 = Release|Win32
		{DEFB3813-821A-4313-92D3-C326E415E80D}.Debug|Win32.ActiveCfg = Debug|Win32
		{DEFB3813-821A-4313-92D3-C326E415E80D}.Debug|Win32.Build.0 = Debug|Win32
		{DEFB3813-821A-4313-92D3-C326E415E80D}.Release|Win32.ActiveCfg = Release|Win32
		{DEFB3813-821A-4313-92D3-C326E415E80D}.Release|Win32.Build.0 = Release|Win32
		{6FCE323D-D5E4-44A5-8AEB-999E681C27D5}.Debug|Win32.ActiveCfg = Debug|Win32
		{6FCE323D-D5E4-44A5-8AEB-999E681C27D5}.Debug|Win32.Build.0 = Debug|Win32
		{6FCE323D-D5E4-44A5-8AEB-999E681C27D5}.Release|Win32.ActiveCfg = Release|Win32
		{6FCE323D-D5E4-44A5-8AEB-999E681C27D5}.Release|Win32.Build.0 = Release|Win32
		{9D6BBDA8-40C2-4455-A4A1-1BBCBBA3D0C7}.Debug|Win32.ActiveCfg = Debug|Win32
		{9D6BBDA8-40C2-4455-A4A1-1BBCBBA3D0C7}.Debug|Win32.Build.0 = Debug|Win32
		{9D6BBDA8-40C2-4455-A4A1-1BBCBBA3D0C7}.Release|Win32.ActiveCfg = Release|Win32
		{9D6BBDA8-40C2-4455-A4A1-1BBCBBA3D0C7}.Release|Win32.Build.0 = Release|Win32
		{F4F6C2BA-91C0-4BB2-991C-79F2935D676A}.Debug|Win32.ActiveCfg = Debug|Win32
		{F4F6C2BA-91C0-4BB2-991C-79F2935D676A}.Debug|Win32.Build.0 = Debug|Win32
		{F4F6C2BA-91C0-4BB2-991C-79F2935D676A}.Release|Win32.ActiveCfg = Release|Win32
		{F4F6C2BA-91C0-4BB2-991C-79F2935D676A}.Release|Win32.Build.0 = Release|Win32
		{8711219E-D151-43EA-A74E-F66AEEEDFF2A}.Debug|Win32.ActiveCfg = Debug|Win32
		{8711219E-D151-43EA-A74E-F66AEEEDFF2A}.Debug|Win32.Build.0 = Debug|Win32
		{8711219E-D151-43EA-A74E-F66AEEEDFF2A}.Release|Win32.ActiveCfg = Release|Win32
		{8711219E-D151-43EA-A74E-F66AEEEDFF2A}.Release|Win32.Build.0 = Release|Win32
		{3EEDCD62-6385-4083-B3FE-BB541084D09A}.Debug|Win32.ActiveCfg = Debug|Win32
		{3EEDCD62-6385-4083-B3FE-BB541084D09A}.Debug|Win32.Build.0 = Debug|Win32
		{3EEDCD62-6385-4083-B3FE-BB541084D09A}.Release|Win32.ActiveCfg = Release|Win32
		{3EEDCD62-6385-4083-B3FE-BB541084D09A}.Release|Win32.Build.0 = Release|Win32
		{C576F1EE-D508-4DD3-ADF9-615538CAB9F5}.Debug|Win32.ActiveCfg = Debug|Win32
		{C576F1EE-D508-4DD3-ADF9-615538CAB9F5}.Debug|Win32.Build.0 = Debug|Win32
		{C576F1EE-D508-4DD3-ADF9-615538CAB9F5}.Release|Win32.ActiveCfg = Release|Win32
		{C576F1EE-D508-4DD3-ADF9-615538CAB9F5}.Release|Win32.Build.0 = Release|Win32
		{0D6EB362-904E-45DC-9578-CBA01C5B6FC5}.Debug|Win32.ActiveCfg = Debug|Win32
		{0D6EB362-904E-45DC-9578-CBA01C5B6FC5}.Debug|Win32.Build.0 = Debug|Win32
		{0D6EB362-904E-45DC-9578-CBA01C5B6FC5}.Release|Win32.ActiveCfg = Release|Win32
		{0D6EB362-904E-45DC-9578-CBA01C5B6FC5}.Release|Win32.Build.0 = Release|Win32
		{9710B001-A027-4E8A-959B-DCC58663A5A4}.Debug|Win32.ActiveCfg = Debug|Win32
		{9710B001-A027-4E8A-959B-DCC58663A5A4}.Debug|Win32.Build.0 = Debug|Win32
		{9710B001-A027-4E8A-959B-DCC58663A5A4}.Release|Win32.ActiveCfg = Release|Win32
		{9710B001-A027-4E8A-959B-DCC58663A5A4}.Release|Win32.Build.0 = Release|Win32
		{683C15AA-89FD-4B15-8C96-F9165AAB0985}.Debug|Win32.ActiveCfg = Debug|Win32
		{683C15AA-89FD-4B15-8C96-F9165AAB0985}.Debug|Win32.Build.0 = Debug|Win32
		{683C15AA-89FD-4B15-8C96-F9165AAB0985}.Release|Win32.ActiveCfg = Release|Win32
		{683C15AA-89FD-4B15-8C96-F9165AAB0985}.Release|Win32.Build.0 = Release|Win32
		{5F645148-710E-4E7F-9C0E-5C26262836AE}.Debug|Win32.ActiveCfg = Debug|Win32
		{5F645148-710E-4E7F-9C0E-5C26262836AE}.Debug|Win32.Build.0 = Debug|Win32
		{5F645148-710E-4E7F-9C0E-5C26262836AE}.Release|Win32.ActiveCfg = Release|Win32
		{5F645148-710E-4E7F-9C0E-5C26262836AE}.Release|Win32.Build.0 = Release|Win32
		{40C00C77-760B-436E-8AF4-70025B030BC9}.Debug|Win32.ActiveCfg = Debug|Win32
		{40C00C77-760B-436E-8AF4-70025B030BC9}.Debug|Win32.Build.0 = Debug|Win32
		{40C00C77-760B-436E-8AF4-70025B030BC9}.Release|Win32.ActiveCfg = Release|Win32
		{40C00C77-760B-436E-8AF4-70025B030BC9}.Release|Win32.Build.0 = Release|Win32
		{74E0E212-54F3-4B0B-B11C-D8AF2206420A}.Debug|Win32.ActiveCfg = Debug|Win32
		{74E0E212-54F3-4B0B-B11C-D8AF2206420A}.Debug|Win32.Build.0 = Debug|Win32
		{74E0E212-54F3-4B0B-B11C-D8AF2206420A}.Release|Win32.ActiveCfg = Release|Win32
		{74E0E212-54F3-4B0B-B11C-D8AF2206420A}.Release|Win32.Build.0 = Release|Win32
		{6E5F8A9C-DED2-4A37-9951-1C5DF172E86F}.Debug|Win32.ActiveCfg = Debug|Win32
		{6E5F8A9C-DED2-4A37-9951-1C5DF172E86F}.Debug|Win32.Build.0 = Debug|Win32
		{6E5F8A9C-DED2-4A37-9951-1C5DF172E86F}.Release|Win32.ActiveCfg = Release|Win32
		{6E5F8A9C-DED2-4A37-9951-1C5DF172E86F}.Release|Win32.Build.0 = Release|Win32
		{E2CE5717-38F6-4EAA-970A-D1A7B01537B4}.Debug|Win32.ActiveCfg = Debug|Win32
		{E2CE5717-38F6-4EAA-970A-D1A7B01537B4}.Debug|Win32.Build.0 = Debug|Win32
		{E2CE5717-38F6-4EAA-970A-D1A7B01537B4}.Release|Win32.ActiveCfg = Release|Win32
		{E2CE5717-38F6-4EAA-970A-D1A7B01537B4}.Release|Win32.Build.0 = Release|Win32
		{16759201-DFEF-4D26-A091-DD7D0EBB08A8}.Debug|Win32.ActiveCfg = Debug|Win32
		{16759201-DFEF-4D26-A091-DD7D0EBB08A8}.Debug|Win32.Build.0 = Debug|Win32
		{16759201-DFEF-4D26-A091-DD7D0EBB08A8}.Release|Win32.ActiveCfg = Release|Win32
		{16759201-DFEF-4D26-A091-DD7D0EBB08A8}.Release|Win32.Build.0 = Release|Win32
		{1A6BFB9C-BF76-4360-A180-C58CB5730CD6}.Debug|Win32.ActiveCfg = Debug|Win32
		{1A6BFB9C-BF76-4360-A180-C58CB5730CD6}.Debug|Win32.Build.0 = Debug|Win32
		{1A6BFB9C-BF76-4360-A180-C58CB5730CD6}.Release|Win32.ActiveCfg = Release|Win32
		{1A6BFB9C-BF76-4360-A180-C58CB5730CD6}.Release|Win32.Build.0 = Release|Win32
		{DCB9AB84-3390-4FF6-90E0-41D809D963B1}.Debug|Win32.ActiveCfg = Debug|Win32
		{DCB9AB84-3390-4FF6-90E0-41D809D963B1}.Debug|Win32.Build.0 = Debug|Win32
		{DCB9AB84-3390-4FF6-90E0-41D809D963B1}.Release|Win32.ActiveCfg = Release|Win32
		{DCB9AB84-3390-4FF6-90E0-41D809D963B1}.Release|Win32.Build.0 = Release|Win32
		{489BDE42-91BF-4702-9A30-D17CCB552735}.Debug|Win32.ActiveCfg = Debug|Win32
		{489BDE42-91BF-4702-9A30-D17CCB552735}.Debug|Win32.Build.0 = Debug|Win32
		{489BDE42-91BF-4702-9A30-D17CCB552735}.Release|Win32.ActiveCfg = Release|Win32
		{489BDE42-91BF-4702-9A30-D17CCB552735}.Release|Win32.Build.0 = Release|Win32
		{CDC274F4-780B-4A91-8042-EFDFD20FC240}.Debug|Win32.ActiveCfg = Debug|Win32
		{CDC274F4-780B-4A91-8042-EFDFD20FC240}.Debug|Win32.Build.0 = Debug|Win32
		{CDC274F4-780B-4A91-8042-EFDFD20FC240}.Release|Win32.ActiveCfg = Release|Win32
		{CDC274F4-780B-4A91-8042-EFDFD20FC240}.Release|Win32.Build.0 = Release|Win32
		{0B9181F1-4725-4D06-97F4-9044A50D1DFF}.Debug|Win32.ActiveCfg = Debug|Win32
		{0B9181F1-4725-4D06-97F4-9044A50D1DFF}.Debug|Win32.Build.0 = Debug|Win32
		{0B9181F1-4725-4D06-97F4-9044A50D1DFF}.Release|Win32.ActiveCfg = Release|Win32
		{0B9181F1-4725-4D06-97F4-9044A50D1DFF}.Release|Win32.Build.0 = Release|Win32
		{88624E0B-57B0-47CE-BAFF-6788A0967560}.Debug|Win32.ActiveCfg = Debug|Win32
		{88624E0B-57B0-47CE-BAFF-6788A0967560}.Debug|Win32.Build.0 = Debug|Win32
		{88624E0B-57B0-47CE-BAFF-6788A0967560}.Release|Win32.ActiveCfg = Release|Win32
		{88624E0B-57B0-47CE-BAFF-6788A0967560}.Release|Win32.Build.0 = Release|Win32
		{5A8AC9D4-D99B-4717-880D-60948F190BAE}.Debug|Win32.ActiveCfg = Debug|Win32
		{5A8AC9D4-D99B-4717-880D-60948F190BAE}.Debug|Win32.Build.0 = Debug|Win32
		{5A8AC9D4-D99B-4717-880D-60948F190BAE}.Release|Win32.ActiveCfg = Release|Win32
		{5A8AC9D4-D99B-4717-880D-60948F190BAE}.Release|Win32.Build.0 = Release|Win32
		{19574168-1480-41A3-B787-BE8EEDDE7917}.Debug|Win32.ActiveCfg = Debug|Win32
		{19574168-1480-41A3-B787-BE8EEDDE7917}.Debug|Win32.Build.0 = Debug|Win32
		{19574168-1480-41A3-B787-BE8EEDDE7917}.Release|Win32.ActiveCfg = Release|Win32
		{19574168-1480-41A3-B787-BE8EEDDE7917}.Release|Win32.Build.0 = Release|Win32
		{B921A78D-7B36-411E-87B0-5B79252F0F78}.Debug|Win32.ActiveCfg = Debug|Win32
		{B921A78D-7B36-411E-87B0-5B79252F0F78}.Debug|Win32.Build.0 = Debug|Win32
		{B921A78D-7B36-411E-87B0-5B79252F0F78}.Release|Win32.ActiveCfg = Release|Win32
		{B921A78D-7B36-411E-87B0-5B79252F0F78}.Release|Win32.Build.0 = Release|Win32
		{748F8B20-ECB3-4975-9134-0D697A6DC5A6}.Debug|Win32.ActiveCfg = Debug|Win32
		{748F8B20-ECB3-4975-9134-0D697A6DC5A6}.Debug|Win32.Build.0 = Debug|Win32
		{748F8B20-ECB3-4975-9134-0D697A6DC5A6}.Release|Win32.ActiveCfg = Release|Win32
		{748F8B20-ECB3-4975-9134-0D697A6DC5A6}.Release|Win32.Build.0 = Release|Win32
		{CA46EAA8-A85D-4496-9752-C52F50EC9BB9}.Debug|Win32.ActiveCfg = Debug|Win32
		{CA46EAA8-A85D-4496-9752-C52F50EC9BB9}.Debug|Win32.Build.0 = Debug|Win32
		{CA46EAA8-A85D-4496-9752-C52F50EC9BB9}.Release|Win32.ActiveCfg = Release|Win32
		{CA46EAA8-A85D-4496-9752-C52F50EC9BB9}.Release|Win32.Build.0 = Release|Win32
		{2D30C09E-9375-41FA-9E05-17143CA8C167}.Debug|Win32.ActiveCfg = Debug|Win32
		{2D30C09E-9375-41FA-9E05-17143CA8C167}.Debug|Win32.Build.0 = Debug|Win32
		{2D30C09E-9375-41FA-9E05-17143CA8C167}.Release|Win32.ActiveCfg = Release|Win32
		{2D30C09E-9375-41FA-9E05-17143CA8C167}.Release|Win32.Build.0 = Release|Win32
		{C141F315-F76D-47FF-896C-86900228E357}.Debug|Win32.ActiveCfg = Debug|Win32
		{C141F315-F76D-47FF-896C-86900228E357}.Debug|Win32.Build.0 = Debug|Win32
		{C141F315-F76D-47FF-896C-86900228E357}.Release|Win32.ActiveCfg = Release|Win32
		{C141F315-F76D-47FF-896C-86900228E357}.Release|Win32.Build.0 = Release|Win32
		{280644C2-B4AB-49B9-921C-A4FDE2BF7E5B}.Debug|Win32.ActiveCfg = Debug|Win32
		{280644C2-B4AB-49B9-921C-A4FDE2BF7E5B}.Debug|Win32.Build.0 = Debug|Win32
		{280644C2-B4AB-49B9-921C-A4FDE2BF7E5B}.Release|Win32.ActiveCfg = Release|Win32
		{280644C2-B4AB-49B9-921C-A4FDE2BF7E5B}.Release|Win32.Build.0 = Release|Win32
		{85699C0F-6C14-41AC-A79F-6D203066EAA3}.Debug|Win32.ActiveCfg = Debug|Win32
		{85699C0F-6C14-41AC-A79F-6D203066EAA3}.Debug|Win32.Build.0 = Debug|Win32
		{85699C0F-6C14-41AC-A79F-6D203066EAA3}.Release|Win32.ActiveCfg = Release|Win32
		{85699C0F-6C14-41AC-A79F-6D203066EAA3}.Release|Win32.Build.0 = Release|Win32
	EndGlobalSection
	GlobalSection(ExtensibilityGlobals) = postSolution
	EndGlobalSection
	GlobalSection(ExtensibilityAddIns) = postSolution
	EndGlobalSection
EndGlobal
